
Microsoft Visual Studio Solution File, Format Version 12.00
# Visual Studio Version 16
Project("{2150E333-8FDC-42A3-9474-1A3956D46DE8}") = "CMakePredefinedTargets", "CMakePredefinedTargets", "{21EBE366-FAE9-3C80-9499-22F6CDB78817}"
EndProject
Project("{2150E333-8FDC-42A3-9474-1A3956D46DE8}") = "GLFW3", "GLFW3", "{348D7AED-0434-36F6-A034-D2025747CB75}"
EndProject
Project("{8BC9CEB8-8B4A-11D0-8D11-00A0C91BC942}") = "ALL_BUILD", "ALL_BUILD.vcxproj", "{1B39E73C-1E0C-36BA-B1BA-EBD43F26224F}"
	ProjectSection(ProjectDependencies) = postProject
		{C7C78B1F-A729-371E-BEED-56E24CCB063D} = {C7C78B1F-A729-371E-BEED-56E24CCB063D}
		{DE1C7D6D-1E40-3542-B4CC-E7B46D8C072D} = {DE1C7D6D-1E40-3542-B4CC-E7B46D8C072D}
		{C5193919-B847-3921-89AD-E929350D6FBA} = {C5193919-B847-3921-89AD-E929350D6FBA}
	EndProjectSection
EndProject
Project("{8BC9CEB8-8B4A-11D0-8D11-00A0C91BC942}") = "Assignment5", "Assignment5.vcxproj", "{C7C78B1F-A729-371E-BEED-56E24CCB063D}"
	ProjectSection(ProjectDependencies) = postProject
		{DE1C7D6D-1E40-3542-B4CC-E7B46D8C072D} = {DE1C7D6D-1E40-3542-B4CC-E7B46D8C072D}
		{C5193919-B847-3921-89AD-E929350D6FBA} = {C5193919-B847-3921-89AD-E929350D6FBA}
	EndProjectSection
EndProject
Project("{8BC9CEB8-8B4A-11D0-8D11-00A0C91BC942}") = "INSTALL", "INSTALL.vcxproj", "{D193926F-DF90-321F-9C2C-FBE860E73B64}"
	ProjectSection(ProjectDependencies) = postProject
		{1B39E73C-1E0C-36BA-B1BA-EBD43F26224F} = {1B39E73C-1E0C-36BA-B1BA-EBD43F26224F}
		{DE1C7D6D-1E40-3542-B4CC-E7B46D8C072D} = {DE1C7D6D-1E40-3542-B4CC-E7B46D8C072D}
	EndProjectSection
EndProject
Project("{8BC9CEB8-8B4A-11D0-8D11-00A0C91BC942}") = "ZERO_CHECK", "ZERO_CHECK.vcxproj", "{DE1C7D6D-1E40-3542-B4CC-E7B46D8C072D}"
	ProjectSection(ProjectDependencies) = postProject
	EndProjectSection
EndProject
Project("{8BC9CEB8-8B4A-11D0-8D11-00A0C91BC942}") = "glfw", "C:\Users\timot\Documents\csce_441\glfw-3.3.8\debug\src\glfw.vcxproj", "{C5193919-B847-3921-89AD-E929350D6FBA}"
	ProjectSection(ProjectDependencies) = postProject
		{DE1C7D6D-1E40-3542-B4CC-E7B46D8C072D} = {DE1C7D6D-1E40-3542-B4CC-E7B46D8C072D}
	EndProjectSection
EndProject
Project("{8BC9CEB8-8B4A-11D0-8D11-00A0C91BC942}") = "uninstall", "C:\Users\timot\Documents\csce_441\glfw-3.3.8\debug\uninstall.vcxproj", "{A1E18130-77D2-33D9-9538-6A2E1125C11F}"
	ProjectSection(ProjectDependencies) = postProject
		{DE1C7D6D-1E40-3542-B4CC-E7B46D8C072D} = {DE1C7D6D-1E40-3542-B4CC-E7B46D8C072D}
	EndProjectSection
EndProject
Project("{8BC9CEB8-8B4A-11D0-8D11-00A0C91BC942}") = "update_mappings", "C:\Users\timot\Documents\csce_441\glfw-3.3.8\debug\src\update_mappings.vcxproj", "{2EDCE70F-8EB1-3E58-90D9-DB6FAE370CE4}"
	ProjectSection(ProjectDependencies) = postProject
		{DE1C7D6D-1E40-3542-B4CC-E7B46D8C072D} = {DE1C7D6D-1E40-3542-B4CC-E7B46D8C072D}
	EndProjectSection
EndProject
Global
	GlobalSection(SolutionConfigurationPlatforms) = preSolution
		Debug|Win32 = Debug|Win32
		Release|Win32 = Release|Win32
		MinSizeRel|Win32 = MinSizeRel|Win32
		RelWithDebInfo|Win32 = RelWithDebInfo|Win32
	EndGlobalSection
	GlobalSection(ProjectConfigurationPlatforms) = postSolution
		{1B39E73C-1E0C-36BA-B1BA-EBD43F26224F}.Debug|Win32.ActiveCfg = Debug|Win32
		{1B39E73C-1E0C-36BA-B1BA-EBD43F26224F}.Debug|Win32.Build.0 = Debug|Win32
		{1B39E73C-1E0C-36BA-B1BA-EBD43F26224F}.Release|Win32.ActiveCfg = Release|Win32
		{1B39E73C-1E0C-36BA-B1BA-EBD43F26224F}.Release|Win32.Build.0 = Release|Win32
		{1B39E73C-1E0C-36BA-B1BA-EBD43F26224F}.MinSizeRel|Win32.ActiveCfg = MinSizeRel|Win32
		{1B39E73C-1E0C-36BA-B1BA-EBD43F26224F}.MinSizeRel|Win32.Build.0 = MinSizeRel|Win32
		{1B39E73C-1E0C-36BA-B1BA-EBD43F26224F}.RelWithDebInfo|Win32.ActiveCfg = RelWithDebInfo|Win32
		{1B39E73C-1E0C-36BA-B1BA-EBD43F26224F}.RelWithDebInfo|Win32.Build.0 = RelWithDebInfo|Win32
		{C7C78B1F-A729-371E-BEED-56E24CCB063D}.Debug|Win32.ActiveCfg = Debug|Win32
		{C7C78B1F-A729-371E-BEED-56E24CCB063D}.Debug|Win32.Build.0 = Debug|Win32
		{C7C78B1F-A729-371E-BEED-56E24CCB063D}.Release|Win32.ActiveCfg = Release|Win32
		{C7C78B1F-A729-371E-BEED-56E24CCB063D}.Release|Win32.Build.0 = Release|Win32
		{C7C78B1F-A729-371E-BEED-56E24CCB063D}.MinSizeRel|Win32.ActiveCfg = MinSizeRel|Win32
		{C7C78B1F-A729-371E-BEED-56E24CCB063D}.MinSizeRel|Win32.Build.0 = MinSizeRel|Win32
		{C7C78B1F-A729-371E-BEED-56E24CCB063D}.RelWithDebInfo|Win32.ActiveCfg = RelWithDebInfo|Win32
		{C7C78B1F-A729-371E-BEED-56E24CCB063D}.RelWithDebInfo|Win32.Build.0 = RelWithDebInfo|Win32
		{D193926F-DF90-321F-9C2C-FBE860E73B64}.Debug|Win32.ActiveCfg = Debug|Win32
		{D193926F-DF90-321F-9C2C-FBE860E73B64}.Release|Win32.ActiveCfg = Release|Win32
		{D193926F-DF90-321F-9C2C-FBE860E73B64}.MinSizeRel|Win32.ActiveCfg = MinSizeRel|Win32
		{D193926F-DF90-321F-9C2C-FBE860E73B64}.RelWithDebInfo|Win32.ActiveCfg = RelWithDebInfo|Win32
		{DE1C7D6D-1E40-3542-B4CC-E7B46D8C072D}.Debug|Win32.ActiveCfg = Debug|Win32
		{DE1C7D6D-1E40-3542-B4CC-E7B46D8C072D}.Debug|Win32.Build.0 = Debug|Win32
		{DE1C7D6D-1E40-3542-B4CC-E7B46D8C072D}.Release|Win32.ActiveCfg = Release|Win32
		{DE1C7D6D-1E40-3542-B4CC-E7B46D8C072D}.Release|Win32.Build.0 = Release|Win32
		{DE1C7D6D-1E40-3542-B4CC-E7B46D8C072D}.MinSizeRel|Win32.ActiveCfg = MinSizeRel|Win32
		{DE1C7D6D-1E40-3542-B4CC-E7B46D8C072D}.MinSizeRel|Win32.Build.0 = MinSizeRel|Win32
		{DE1C7D6D-1E40-3542-B4CC-E7B46D8C072D}.RelWithDebInfo|Win32.ActiveCfg = RelWithDebInfo|Win32
		{DE1C7D6D-1E40-3542-B4CC-E7B46D8C072D}.RelWithDebInfo|Win32.Build.0 = RelWithDebInfo|Win32
		{C5193919-B847-3921-89AD-E929350D6FBA}.Debug|Win32.ActiveCfg = Debug|Win32
		{C5193919-B847-3921-89AD-E929350D6FBA}.Debug|Win32.Build.0 = Debug|Win32
		{C5193919-B847-3921-89AD-E929350D6FBA}.Release|Win32.ActiveCfg = Release|Win32
		{C5193919-B847-3921-89AD-E929350D6FBA}.Release|Win32.Build.0 = Release|Win32
		{C5193919-B847-3921-89AD-E929350D6FBA}.MinSizeRel|Win32.ActiveCfg = MinSizeRel|Win32
		{C5193919-B847-3921-89AD-E929350D6FBA}.MinSizeRel|Win32.Build.0 = MinSizeRel|Win32
		{C5193919-B847-3921-89AD-E929350D6FBA}.RelWithDebInfo|Win32.ActiveCfg = RelWithDebInfo|Win32
		{C5193919-B847-3921-89AD-E929350D6FBA}.RelWithDebInfo|Win32.Build.0 = RelWithDebInfo|Win32
		{A1E18130-77D2-33D9-9538-6A2E1125C11F}.Debug|Win32.ActiveCfg = Debug|Win32
		{A1E18130-77D2-33D9-9538-6A2E1125C11F}.Release|Win32.ActiveCfg = Release|Win32
		{A1E18130-77D2-33D9-9538-6A2E1125C11F}.MinSizeRel|Win32.ActiveCfg = MinSizeRel|Win32
		{A1E18130-77D2-33D9-9538-6A2E1125C11F}.RelWithDebInfo|Win32.ActiveCfg = RelWithDebInfo|Win32
		{2EDCE70F-8EB1-3E58-90D9-DB6FAE370CE4}.Debug|Win32.ActiveCfg = Debug|Win32
		{2EDCE70F-8EB1-3E58-90D9-DB6FAE370CE4}.Release|Win32.ActiveCfg = Release|Win32
		{2EDCE70F-8EB1-3E58-90D9-DB6FAE370CE4}.MinSizeRel|Win32.ActiveCfg = MinSizeRel|Win32
		{2EDCE70F-8EB1-3E58-90D9-DB6FAE370CE4}.RelWithDebInfo|Win32.ActiveCfg = RelWithDebInfo|Win32
	EndGlobalSection
	GlobalSection(NestedProjects) = preSolution
		{1B39E73C-1E0C-36BA-B1BA-EBD43F26224F} = {21EBE366-FAE9-3C80-9499-22F6CDB78817}
		{D193926F-DF90-321F-9C2C-FBE860E73B64} = {21EBE366-FAE9-3C80-9499-22F6CDB78817}
		{DE1C7D6D-1E40-3542-B4CC-E7B46D8C072D} = {21EBE366-FAE9-3C80-9499-22F6CDB78817}
		{C5193919-B847-3921-89AD-E929350D6FBA} = {348D7AED-0434-36F6-A034-D2025747CB75}
		{A1E18130-77D2-33D9-9538-6A2E1125C11F} = {348D7AED-0434-36F6-A034-D2025747CB75}
		{2EDCE70F-8EB1-3E58-90D9-DB6FAE370CE4} = {348D7AED-0434-36F6-A034-D2025747CB75}
	EndGlobalSection
	GlobalSection(ExtensibilityGlobals) = postSolution
		SolutionGuid = {17B41886-EE40-335B-B891-EF9EF242A75E}
	EndGlobalSection
	GlobalSection(ExtensibilityAddIns) = postSolution
	EndGlobalSection
EndGlobal
