<?xml version="1.0" encoding="utf-8"?>
<Project ToolsVersion="16.0" xmlns="http://schemas.microsoft.com/developer/msbuild/2003">
  <ItemGroup>
    <ClCompile Include="C:\Users\timot\Documents\csce_441\hw5\SkeletonCode\src\Camera.cpp">
      <Filter>Source Files</Filter>
    </ClCompile>
    <ClCompile Include="C:\Users\timot\Documents\csce_441\hw5\SkeletonCode\src\Light.cpp">
      <Filter>Source Files</Filter>
    </ClCompile>
    <ClCompile Include="C:\Users\timot\Documents\csce_441\hw5\SkeletonCode\src\Plane.cpp">
      <Filter>Source Files</Filter>
    </ClCompile>
    <ClCompile Include="C:\Users\timot\Documents\csce_441\hw5\SkeletonCode\src\Scene.cpp">
      <Filter>Source Files</Filter>
    </ClCompile>
    <ClCompile Include="C:\Users\timot\Documents\csce_441\hw5\SkeletonCode\src\Shape.cpp">
      <Filter>Source Files</Filter>
    </ClCompile>
    <ClCompile Include="C:\Users\timot\Documents\csce_441\hw5\SkeletonCode\src\Sphere.cpp">
      <Filter>Source Files</Filter>
    </ClCompile>
    <ClCompile Include="C:\Users\timot\Documents\csce_441\hw5\SkeletonCode\src\main.cpp">
      <Filter>Source Files</Filter>
    </ClCompile>
    <ClCompile Include="..\src\Triangle.cpp">
      <Filter>Source Files</Filter>
    </ClCompile>
    <ClCompile Include="..\src\BVH.cpp">
      <Filter>Source Files</Filter>
    </ClCompile>
  </ItemGroup>
  <ItemGroup>
    <ClInclude Include="C:\Users\timot\Documents\csce_441\hw5\SkeletonCode\src\Camera.h">
      <Filter>Header Files</Filter>
    </ClInclude>
    <ClInclude Include="C:\Users\timot\Documents\csce_441\hw5\SkeletonCode\src\Light.h">
      <Filter>Header Files</Filter>
    </ClInclude>
    <ClInclude Include="C:\Users\timot\Documents\csce_441\hw5\SkeletonCode\src\Plane.h">
      <Filter>Header Files</Filter>
    </ClInclude>
    <ClInclude Include="C:\Users\timot\Documents\csce_441\hw5\SkeletonCode\src\Scene.h">
      <Filter>Header Files</Filter>
    </ClInclude>
    <ClInclude Include="C:\Users\timot\Documents\csce_441\hw5\SkeletonCode\src\Shape.h">
      <Filter>Header Files</Filter>
    </ClInclude>
    <ClInclude Include="C:\Users\timot\Documents\csce_441\hw5\SkeletonCode\src\Sphere.h">
      <Filter>Header Files</Filter>
    </ClInclude>
    <ClInclude Include="..\src\main.h" />
    <ClInclude Include="..\src\tiny_obj_loader.h">
      <Filter>Header Files</Filter>
    </ClInclude>
    <ClInclude Include="..\src\Triangle.h">
      <Filter>Header Files</Filter>
    </ClInclude>
    <ClInclude Include="..\src\BVH.h">
      <Filter>Header Files</Filter>
    </ClInclude>
  </ItemGroup>
  <ItemGroup>
    <CustomBuild Include="C:\Users\timot\Documents\csce_441\hw5\SkeletonCode\CMakeLists.txt" />
  </ItemGroup>
  <ItemGroup>
    <Filter Include="Header Files">
      <UniqueIdentifier>{1792CD04-EC2B-35DF-A5C8-D8E025CB1E1A}</UniqueIdentifier>
    </Filter>
    <Filter Include="Source Files">
      <UniqueIdentifier>{0095860B-3315-3C3B-99B1-7B7804221F9D}</UniqueIdentifier>
    </Filter>
  </ItemGroup>
</Project>